<Solution>
  <Project Path="TMS.IntegrationTests/TMS.IntegrationTests.csproj" />
  <Project Path="TMS.API/API.csproj" />
  <Project Path="TMS.Aspire/Aspire.csproj" />
  <Project Path="TMS.Core/Core.csproj" />
  <Project Path="TMS.Models/Models.csproj" />
  <Project Path="TMS.Persistence/Persistence.csproj" />
  <Project Path="TMS.SignalR/SignalR.csproj" />
  <Project Path="TMS.UnitTests/UnitTests.csproj" />
</Solution>
